
Microsoft Visual Studio Solution File, Format Version 12.00
# Visual Studio 14
VisualStudioVersion = 14.0.25420.1
MinimumVisualStudioVersion = 10.0.40219.1
Project("{FAE04EC0-301F-11D3-BF4B-00C04F79EFBC}") = "01.NorthwindDbContext", "01.NorthwindDbContext\01.NorthwindDbContext.csproj", "{0CCB9A98-C82B-472F-90D9-430118047BB0}"
EndProject
Project("{FAE04EC0-301F-11D3-BF4B-00C04F79EFBC}") = "02.DataAccessObjectClass", "02.DataAccessObjectClass\02.DataAccessObjectClass.csproj", "{9F70041B-6EBE-4545-A7C5-457AC684D688}"
EndProject
Project("{FAE04EC0-301F-11D3-BF4B-00C04F79EFBC}") = "03-04.FindCustomers", "03-04.FindCustomers\03-04.FindCustomers.csproj", "{FF0A84B5-1740-4A88-A0E6-8A6708FEA55B}"
EndProject
Project("{FAE04EC0-301F-11D3-BF4B-00C04F79EFBC}") = "05.FindAllSalesByRegionAndPeriod", "05.FindAllSalesByRegionAndPeriod\05.FindAllSalesByRegionAndPeriod.csproj", "{B63C73E8-4B13-42B1-99D1-4BBE355D28A0}"
EndProject
Project("{FAE04EC0-301F-11D3-BF4B-00C04F79EFBC}") = "06.NorthwindTwin", "06.NorthwindTwin\06.NorthwindTwin.csproj", "{E329BB80-BFE2-4FF4-834A-673853DEBB72}"
EndProject
Project("{FAE04EC0-301F-11D3-BF4B-00C04F79EFBC}") = "07.ConcurrentChanges", "07.ConcurrentChanges\07.ConcurrentChanges.csproj", "{E59CB460-A146-417A-ACE8-FDB03A3A7462}"
EndProject
Project("{FAE04EC0-301F-11D3-BF4B-00C04F79EFBC}") = "08.ExtendedEmployees", "08.ExtendedEmployees\08.ExtendedEmployees.csproj", "{492752F8-B4ED-48E8-8C33-0735E45A2172}"
EndProject
Global
	GlobalSection(SolutionConfigurationPlatforms) = preSolution
		Debug|Any CPU = Debug|Any CPU
		Release|Any CPU = Release|Any CPU
	EndGlobalSection
	GlobalSection(ProjectConfigurationPlatforms) = postSolution
		{0CCB9A98-C82B-472F-90D9-430118047BB0}.Debug|Any CPU.ActiveCfg = Debug|Any CPU
		{0CCB9A98-C82B-472F-90D9-430118047BB0}.Debug|Any CPU.Build.0 = Debug|Any CPU
		{0CCB9A98-C82B-472F-90D9-430118047BB0}.Release|Any CPU.ActiveCfg = Release|Any CPU
		{0CCB9A98-C82B-472F-90D9-430118047BB0}.Release|Any CPU.Build.0 = Release|Any CPU
		{9F70041B-6EBE-4545-A7C5-457AC684D688}.Debug|Any CPU.ActiveCfg = Debug|Any CPU
		{9F70041B-6EBE-4545-A7C5-457AC684D688}.Debug|Any CPU.Build.0 = Debug|Any CPU
		{9F70041B-6EBE-4545-A7C5-457AC684D688}.Release|Any CPU.ActiveCfg = Release|Any CPU
		{9F70041B-6EBE-4545-A7C5-457AC684D688}.Release|Any CPU.Build.0 = Release|Any CPU
		{FF0A84B5-1740-4A88-A0E6-8A6708FEA55B}.Debug|Any CPU.ActiveCfg = Debug|Any CPU
		{FF0A84B5-1740-4A88-A0E6-8A6708FEA55B}.Debug|Any CPU.Build.0 = Debug|Any CPU
		{FF0A84B5-1740-4A88-A0E6-8A6708FEA55B}.Release|Any CPU.ActiveCfg = Release|Any CPU
		{FF0A84B5-1740-4A88-A0E6-8A6708FEA55B}.Release|Any CPU.Build.0 = Release|Any CPU
		{B63C73E8-4B13-42B1-99D1-4BBE355D28A0}.Debug|Any CPU.ActiveCfg = Debug|Any CPU
		{B63C73E8-4B13-42B1-99D1-4BBE355D28A0}.Debug|Any CPU.Build.0 = Debug|Any CPU
		{B63C73E8-4B13-42B1-99D1-4BBE355D28A0}.Release|Any CPU.ActiveCfg = Release|Any CPU
		{B63C73E8-4B13-42B1-99D1-4BBE355D28A0}.Release|Any CPU.Build.0 = Release|Any CPU
		{E329BB80-BFE2-4FF4-834A-673853DEBB72}.Debug|Any CPU.ActiveCfg = Debug|Any CPU
		{E329BB80-BFE2-4FF4-834A-673853DEBB72}.Debug|Any CPU.Build.0 = Debug|Any CPU
		{E329BB80-BFE2-4FF4-834A-673853DEBB72}.Release|Any CPU.ActiveCfg = Release|Any CPU
		{E329BB80-BFE2-4FF4-834A-673853DEBB72}.Release|Any CPU.Build.0 = Release|Any CPU
		{E59CB460-A146-417A-ACE8-FDB03A3A7462}.Debug|Any CPU.ActiveCfg = Debug|Any CPU
		{E59CB460-A146-417A-ACE8-FDB03A3A7462}.Debug|Any CPU.Build.0 = Debug|Any CPU
		{E59CB460-A146-417A-ACE8-FDB03A3A7462}.Release|Any CPU.ActiveCfg = Release|Any CPU
		{E59CB460-A146-417A-ACE8-FDB03A3A7462}.Release|Any CPU.Build.0 = Release|Any CPU
		{492752F8-B4ED-48E8-8C33-0735E45A2172}.Debug|Any CPU.ActiveCfg = Debug|Any CPU
		{492752F8-B4ED-48E8-8C33-0735E45A2172}.Debug|Any CPU.Build.0 = Debug|Any CPU
		{492752F8-B4ED-48E8-8C33-0735E45A2172}.Release|Any CPU.ActiveCfg = Release|Any CPU
		{492752F8-B4ED-48E8-8C33-0735E45A2172}.Release|Any CPU.Build.0 = Release|Any CPU
	EndGlobalSection
	GlobalSection(SolutionProperties) = preSolution
		HideSolutionNode = FALSE
	EndGlobalSection
EndGlobal
